
Microsoft Visual Studio Solution File, Format Version 12.00
# Visual Studio Version 17
VisualStudioVersion = 17.1.32421.90
MinimumVisualStudioVersion = 10.0.40219.1
Project("{8BC9CEB8-8B4A-11D0-8D11-00A0C91BC942}") = "1.DisplayScene", "1.DisplayScene\1.DisplayScene.vcxproj", "{DE22DF0A-D365-4B85-8773-94E59860928E}"
EndProject
Project("{8BC9CEB8-8B4A-11D0-8D11-00A0C91BC942}") = "2.ViewProperties", "2.ViewProperties\2.ViewProperties.vcxproj", "{865E106E-22B0-43C2-8F79-76CE226D1D05}"
EndProject
Project("{8BC9CEB8-8B4A-11D0-8D11-00A0C91BC942}") = "3.ItemSetBound", "3.ItemSetBound\3.ItemSetBound.vcxproj", "{7D041413-51FA-4572-AEDC-01E6A5516DF4}"
EndProject
Global
	GlobalSection(SolutionConfigurationPlatforms) = preSolution
		Debug|x64 = Debug|x64
		Debug|x86 = Debug|x86
		Release|x64 = Release|x64
		Release|x86 = Release|x86
	EndGlobalSection
	GlobalSection(ProjectConfigurationPlatforms) = postSolution
		{DE22DF0A-D365-4B85-8773-94E59860928E}.Debug|x64.ActiveCfg = Debug|x64
		{DE22DF0A-D365-4B85-8773-94E59860928E}.Debug|x64.Build.0 = Debug|x64
		{DE22DF0A-D365-4B85-8773-94E59860928E}.Debug|x86.ActiveCfg = Debug|Win32
		{DE22DF0A-D365-4B85-8773-94E59860928E}.Debug|x86.Build.0 = Debug|Win32
		{DE22DF0A-D365-4B85-8773-94E59860928E}.Release|x64.ActiveCfg = Release|x64
		{DE22DF0A-D365-4B85-8773-94E59860928E}.Release|x64.Build.0 = Release|x64
		{DE22DF0A-D365-4B85-8773-94E59860928E}.Release|x86.ActiveCfg = Release|Win32
		{DE22DF0A-D365-4B85-8773-94E59860928E}.Release|x86.Build.0 = Release|Win32
		{865E106E-22B0-43C2-8F79-76CE226D1D05}.Debug|x64.ActiveCfg = Debug|x64
		{865E106E-22B0-43C2-8F79-76CE226D1D05}.Debug|x64.Build.0 = Debug|x64
		{865E106E-22B0-43C2-8F79-76CE226D1D05}.Debug|x86.ActiveCfg = Debug|Win32
		{865E106E-22B0-43C2-8F79-76CE226D1D05}.Debug|x86.Build.0 = Debug|Win32
		{865E106E-22B0-43C2-8F79-76CE226D1D05}.Release|x64.ActiveCfg = Release|x64
		{865E106E-22B0-43C2-8F79-76CE226D1D05}.Release|x64.Build.0 = Release|x64
		{865E106E-22B0-43C2-8F79-76CE226D1D05}.Release|x86.ActiveCfg = Release|Win32
		{865E106E-22B0-43C2-8F79-76CE226D1D05}.Release|x86.Build.0 = Release|Win32
		{7D041413-51FA-4572-AEDC-01E6A5516DF4}.Debug|x64.ActiveCfg = Debug|x64
		{7D041413-51FA-4572-AEDC-01E6A5516DF4}.Debug|x64.Build.0 = Debug|x64
		{7D041413-51FA-4572-AEDC-01E6A5516DF4}.Debug|x86.ActiveCfg = Debug|Win32
		{7D041413-51FA-4572-AEDC-01E6A5516DF4}.Debug|x86.Build.0 = Debug|Win32
		{7D041413-51FA-4572-AEDC-01E6A5516DF4}.Release|x64.ActiveCfg = Release|x64
		{7D041413-51FA-4572-AEDC-01E6A5516DF4}.Release|x64.Build.0 = Release|x64
		{7D041413-51FA-4572-AEDC-01E6A5516DF4}.Release|x86.ActiveCfg = Release|Win32
		{7D041413-51FA-4572-AEDC-01E6A5516DF4}.Release|x86.Build.0 = Release|Win32
	EndGlobalSection
	GlobalSection(SolutionProperties) = preSolution
		HideSolutionNode = FALSE
	EndGlobalSection
	GlobalSection(ExtensibilityGlobals) = postSolution
		SolutionGuid = {8F5E662E-0782-4D91-B98A-0AFD9D425B81}
	EndGlobalSection
EndGlobal
